// !$*UTF8*$!
{
	archiveVersion = 1;
	classes = {
	};
	objectVersion = 50;
	objects = {

/* Begin PBXBuildFile section */
		523657D221E077BB00631186 /* MapKit.framework in Frameworks */ = {isa = PBXBuildFile; fileRef = 523657D121E077BB00631186 /* MapKit.framework */; };
		DB1ED22421DE148A00AEB658 /* AppDelegate.swift in Sources */ = {isa = PBXBuildFile; fileRef = DB1ED22321DE148A00AEB658 /* AppDelegate.swift */; };
		DB1ED22621DE148A00AEB658 /* ViewController.swift in Sources */ = {isa = PBXBuildFile; fileRef = DB1ED22521DE148A00AEB658 /* ViewController.swift */; };
		DB1ED22921DE148A00AEB658 /* Main.storyboard in Resources */ = {isa = PBXBuildFile; fileRef = DB1ED22721DE148A00AEB658 /* Main.storyboard */; };
		DB1ED22B21DE148C00AEB658 /* Assets.xcassets in Resources */ = {isa = PBXBuildFile; fileRef = DB1ED22A21DE148C00AEB658 /* Assets.xcassets */; };
		DB1ED22E21DE148C00AEB658 /* LaunchScreen.storyboard in Resources */ = {isa = PBXBuildFile; fileRef = DB1ED22C21DE148C00AEB658 /* LaunchScreen.storyboard */; };
		DB1ED23B21DE14A900AEB658 /* MenuItem.swift in Sources */ = {isa = PBXBuildFile; fileRef = DB1ED23521DE14A900AEB658 /* MenuItem.swift */; };
		DB1ED23C21DE14A900AEB658 /* MenuTheme.swift in Sources */ = {isa = PBXBuildFile; fileRef = DB1ED23621DE14A900AEB658 /* MenuTheme.swift */; };
		DB1ED23D21DE14A900AEB658 /* MenuItemView.swift in Sources */ = {isa = PBXBuildFile; fileRef = DB1ED23721DE14A900AEB658 /* MenuItemView.swift */; };
		DB1ED23F21DE14A900AEB658 /* MenuContents.swift in Sources */ = {isa = PBXBuildFile; fileRef = DB1ED23921DE14A900AEB658 /* MenuContents.swift */; };
		DB1ED24021DE14A900AEB658 /* MenuView.swift in Sources */ = {isa = PBXBuildFile; fileRef = DB1ED23A21DE14A900AEB658 /* MenuView.swift */; };
		DB1ED24221DE150300AEB658 /* UIScrollView+ScrollToRect.swift in Sources */ = {isa = PBXBuildFile; fileRef = DB1ED24121DE150300AEB658 /* UIScrollView+ScrollToRect.swift */; };
		E68567C1D9AD4571E3F3DDF3 /* Pods_MenuTest.framework in Frameworks */ = {isa = PBXBuildFile; fileRef = 22C6FCB6E8258A01047A1F14 /* Pods_MenuTest.framework */; };
/* End PBXBuildFile section */

/* Begin PBXFileReference section */
		22C6FCB6E8258A01047A1F14 /* Pods_MenuTest.framework */ = {isa = PBXFileReference; explicitFileType = wrapper.framework; includeInIndex = 0; path = Pods_MenuTest.framework; sourceTree = BUILT_PRODUCTS_DIR; };
		523657D121E077BB00631186 /* MapKit.framework */ = {isa = PBXFileReference; lastKnownFileType = wrapper.framework; name = MapKit.framework; path = System/Library/Frameworks/MapKit.framework; sourceTree = SDKROOT; };
		9A077B6042A00FA4D7B76BF7 /* Pods-MenuTest.debug.xcconfig */ = {isa = PBXFileReference; includeInIndex = 1; lastKnownFileType = text.xcconfig; name = "Pods-MenuTest.debug.xcconfig"; path = "Pods/Target Support Files/Pods-MenuTest/Pods-MenuTest.debug.xcconfig"; sourceTree = "<group>"; };
		BFDAE20353D78774FED05BD7 /* Pods-MenuTest.release.xcconfig */ = {isa = PBXFileReference; includeInIndex = 1; lastKnownFileType = text.xcconfig; name = "Pods-MenuTest.release.xcconfig"; path = "Pods/Target Support Files/Pods-MenuTest/Pods-MenuTest.release.xcconfig"; sourceTree = "<group>"; };
		DB1ED22021DE148A00AEB658 /* MenuTest.app */ = {isa = PBXFileReference; explicitFileType = wrapper.application; includeInIndex = 0; path = MenuTest.app; sourceTree = BUILT_PRODUCTS_DIR; };
		DB1ED22321DE148A00AEB658 /* AppDelegate.swift */ = {isa = PBXFileReference; lastKnownFileType = sourcecode.swift; path = AppDelegate.swift; sourceTree = "<group>"; };
		DB1ED22521DE148A00AEB658 /* ViewController.swift */ = {isa = PBXFileReference; lastKnownFileType = sourcecode.swift; path = ViewController.swift; sourceTree = "<group>"; };
		DB1ED22821DE148A00AEB658 /* Base */ = {isa = PBXFileReference; lastKnownFileType = file.storyboard; name = Base; path = Base.lproj/Main.storyboard; sourceTree = "<group>"; };
		DB1ED22A21DE148C00AEB658 /* Assets.xcassets */ = {isa = PBXFileReference; lastKnownFileType = folder.assetcatalog; path = Assets.xcassets; sourceTree = "<group>"; };
		DB1ED22D21DE148C00AEB658 /* Base */ = {isa = PBXFileReference; lastKnownFileType = file.storyboard; name = Base; path = Base.lproj/LaunchScreen.storyboard; sourceTree = "<group>"; };
		DB1ED22F21DE148C00AEB658 /* Info.plist */ = {isa = PBXFileReference; lastKnownFileType = text.plist.xml; path = Info.plist; sourceTree = "<group>"; };
		DB1ED23521DE14A900AEB658 /* MenuItem.swift */ = {isa = PBXFileReference; fileEncoding = 4; lastKnownFileType = sourcecode.swift; path = MenuItem.swift; sourceTree = "<group>"; };
		DB1ED23621DE14A900AEB658 /* MenuTheme.swift */ = {isa = PBXFileReference; fileEncoding = 4; lastKnownFileType = sourcecode.swift; path = MenuTheme.swift; sourceTree = "<group>"; };
		DB1ED23721DE14A900AEB658 /* MenuItemView.swift */ = {isa = PBXFileReference; fileEncoding = 4; lastKnownFileType = sourcecode.swift; path = MenuItemView.swift; sourceTree = "<group>"; };
		DB1ED23921DE14A900AEB658 /* MenuContents.swift */ = {isa = PBXFileReference; fileEncoding = 4; lastKnownFileType = sourcecode.swift; path = MenuContents.swift; sourceTree = "<group>"; };
		DB1ED23A21DE14A900AEB658 /* MenuView.swift */ = {isa = PBXFileReference; fileEncoding = 4; lastKnownFileType = sourcecode.swift; path = MenuView.swift; sourceTree = "<group>"; };
		DB1ED24121DE150300AEB658 /* UIScrollView+ScrollToRect.swift */ = {isa = PBXFileReference; fileEncoding = 4; lastKnownFileType = sourcecode.swift; path = "UIScrollView+ScrollToRect.swift"; sourceTree = "<group>"; };
/* End PBXFileReference section */

/* Begin PBXFrameworksBuildPhase section */
		DB1ED21D21DE148A00AEB658 /* Frameworks */ = {
			isa = PBXFrameworksBuildPhase;
			buildActionMask = 2147483647;
			files = (
				523657D221E077BB00631186 /* MapKit.framework in Frameworks */,
				E68567C1D9AD4571E3F3DDF3 /* Pods_MenuTest.framework in Frameworks */,
			);
			runOnlyForDeploymentPostprocessing = 0;
		};
/* End PBXFrameworksBuildPhase section */

/* Begin PBXGroup section */
		565796E56945F542DC79682C /* Pods */ = {
			isa = PBXGroup;
			children = (
				9A077B6042A00FA4D7B76BF7 /* Pods-MenuTest.debug.xcconfig */,
				BFDAE20353D78774FED05BD7 /* Pods-MenuTest.release.xcconfig */,
			);
			name = Pods;
			sourceTree = "<group>";
		};
		73D000595D809CE8933B575C /* Frameworks */ = {
			isa = PBXGroup;
			children = (
				523657D121E077BB00631186 /* MapKit.framework */,
				22C6FCB6E8258A01047A1F14 /* Pods_MenuTest.framework */,
			);
			name = Frameworks;
			sourceTree = "<group>";
		};
		DB1ED21721DE148A00AEB658 = {
			isa = PBXGroup;
			children = (
				DB1ED22221DE148A00AEB658 /* MenuTest */,
				DB1ED22121DE148A00AEB658 /* Products */,
				565796E56945F542DC79682C /* Pods */,
				73D000595D809CE8933B575C /* Frameworks */,
			);
			sourceTree = "<group>";
		};
		DB1ED22121DE148A00AEB658 /* Products */ = {
			isa = PBXGroup;
			children = (
				DB1ED22021DE148A00AEB658 /* MenuTest.app */,
			);
			name = Products;
			sourceTree = "<group>";
		};
		DB1ED22221DE148A00AEB658 /* MenuTest */ = {
			isa = PBXGroup;
			children = (
				DBBCA47921DF9805008F3E68 /* Menu */,
				DBBCA47A21DF9843008F3E68 /* Util */,
				DB1ED22321DE148A00AEB658 /* AppDelegate.swift */,
				DB1ED22521DE148A00AEB658 /* ViewController.swift */,
				DB1ED22721DE148A00AEB658 /* Main.storyboard */,
				DB1ED22A21DE148C00AEB658 /* Assets.xcassets */,
				DB1ED22C21DE148C00AEB658 /* LaunchScreen.storyboard */,
				DB1ED22F21DE148C00AEB658 /* Info.plist */,
			);
			path = MenuTest;
			sourceTree = "<group>";
		};
		DBBCA47921DF9805008F3E68 /* Menu */ = {
			isa = PBXGroup;
			children = (
				DB1ED23921DE14A900AEB658 /* MenuContents.swift */,
				DB1ED23521DE14A900AEB658 /* MenuItem.swift */,
				DB1ED23721DE14A900AEB658 /* MenuItemView.swift */,
				DB1ED23A21DE14A900AEB658 /* MenuView.swift */,
				DB1ED23621DE14A900AEB658 /* MenuTheme.swift */,
			);
			path = Menu;
			sourceTree = "<group>";
		};
		DBBCA47A21DF9843008F3E68 /* Util */ = {
			isa = PBXGroup;
			children = (
				DB1ED24121DE150300AEB658 /* UIScrollView+ScrollToRect.swift */,
			);
			path = Util;
			sourceTree = "<group>";
		};
/* End PBXGroup section */

/* Begin PBXNativeTarget section */
		DB1ED21F21DE148A00AEB658 /* MenuTest */ = {
			isa = PBXNativeTarget;
			buildConfigurationList = DB1ED23221DE148C00AEB658 /* Build configuration list for PBXNativeTarget "MenuTest" */;
			buildPhases = (
				C4C950883F7C3444554841D4 /* [CP] Check Pods Manifest.lock */,
				DB1ED21C21DE148A00AEB658 /* Sources */,
				DB1ED21D21DE148A00AEB658 /* Frameworks */,
				DB1ED21E21DE148A00AEB658 /* Resources */,
				C802E4B097B010FFF0CC6DCF /* [CP] Embed Pods Frameworks */,
			);
			buildRules = (
			);
			dependencies = (
			);
			name = MenuTest;
			productName = MenuTest;
			productReference = DB1ED22021DE148A00AEB658 /* MenuTest.app */;
			productType = "com.apple.product-type.application";
		};
/* End PBXNativeTarget section */

/* Begin PBXProject section */
		DB1ED21821DE148A00AEB658 /* Project object */ = {
			isa = PBXProject;
			attributes = {
				LastSwiftUpdateCheck = 1010;
				LastUpgradeCheck = 1010;
				ORGANIZATIONNAME = "Two Lives Left";
				TargetAttributes = {
					DB1ED21F21DE148A00AEB658 = {
						CreatedOnToolsVersion = 10.1;
						SystemCapabilities = {
							com.apple.Maps.iOS = {
								enabled = 1;
							};
						};
					};
				};
			};
			buildConfigurationList = DB1ED21B21DE148A00AEB658 /* Build configuration list for PBXProject "MenuTest" */;
			compatibilityVersion = "Xcode 9.3";
			developmentRegion = en;
			hasScannedForEncodings = 0;
			knownRegions = (
				en,
				Base,
			);
			mainGroup = DB1ED21721DE148A00AEB658;
			productRefGroup = DB1ED22121DE148A00AEB658 /* Products */;
			projectDirPath = "";
			projectRoot = "";
			targets = (
				DB1ED21F21DE148A00AEB658 /* MenuTest */,
			);
		};
/* End PBXProject section */

/* Begin PBXResourcesBuildPhase section */
		DB1ED21E21DE148A00AEB658 /* Resources */ = {
			isa = PBXResourcesBuildPhase;
			buildActionMask = 2147483647;
			files = (
				DB1ED22E21DE148C00AEB658 /* LaunchScreen.storyboard in Resources */,
				DB1ED22B21DE148C00AEB658 /* Assets.xcassets in Resources */,
				DB1ED22921DE148A00AEB658 /* Main.storyboard in Resources */,
			);
			runOnlyForDeploymentPostprocessing = 0;
		};
/* End PBXResourcesBuildPhase section */

/* Begin PBXShellScriptBuildPhase section */
		C4C950883F7C3444554841D4 /* [CP] Check Pods Manifest.lock */ = {
			isa = PBXShellScriptBuildPhase;
			buildActionMask = 2147483647;
			files = (
			);
			inputPaths = (
				"${PODS_PODFILE_DIR_PATH}/Podfile.lock",
				"${PODS_ROOT}/Manifest.lock",
			);
			name = "[CP] Check Pods Manifest.lock";
			outputPaths = (
				"$(DERIVED_FILE_DIR)/Pods-MenuTest-checkManifestLockResult.txt",
			);
			runOnlyForDeploymentPostprocessing = 0;
			shellPath = /bin/sh;
			shellScript = "diff \"${PODS_PODFILE_DIR_PATH}/Podfile.lock\" \"${PODS_ROOT}/Manifest.lock\" > /dev/null\nif [ $? != 0 ] ; then\n    # print error to STDERR\n    echo \"error: The sandbox is not in sync with the Podfile.lock. Run 'pod install' or update your CocoaPods installation.\" >&2\n    exit 1\nfi\n# This output is used by Xcode 'outputs' to avoid re-running this script phase.\necho \"SUCCESS\" > \"${SCRIPT_OUTPUT_FILE_0}\"\n";
			showEnvVarsInLog = 0;
		};
		C802E4B097B010FFF0CC6DCF /* [CP] Embed Pods Frameworks */ = {
			isa = PBXShellScriptBuildPhase;
			buildActionMask = 2147483647;
			files = (
			);
			inputPaths = (
				"${SRCROOT}/Pods/Target Support Files/Pods-MenuTest/Pods-MenuTest-frameworks.sh",
				"${BUILT_PRODUCTS_DIR}/SnapKit/SnapKit.framework",
			);
			name = "[CP] Embed Pods Frameworks";
			outputPaths = (
				"${TARGET_BUILD_DIR}/${FRAMEWORKS_FOLDER_PATH}/SnapKit.framework",
			);
			runOnlyForDeploymentPostprocessing = 0;
			shellPath = /bin/sh;
			shellScript = "\"${SRCROOT}/Pods/Target Support Files/Pods-MenuTest/Pods-MenuTest-frameworks.sh\"\n";
			showEnvVarsInLog = 0;
		};
/* End PBXShellScriptBuildPhase section */

/* Begin PBXSourcesBuildPhase section */
		DB1ED21C21DE148A00AEB658 /* Sources */ = {
			isa = PBXSourcesBuildPhase;
			buildActionMask = 2147483647;
			files = (
				DB1ED23B21DE14A900AEB658 /* MenuItem.swift in Sources */,
				DB1ED24021DE14A900AEB658 /* MenuView.swift in Sources */,
				DB1ED22621DE148A00AEB658 /* ViewController.swift in Sources */,
				DB1ED23C21DE14A900AEB658 /* MenuTheme.swift in Sources */,
				DB1ED24221DE150300AEB658 /* UIScrollView+ScrollToRect.swift in Sources */,
				DB1ED22421DE148A00AEB658 /* AppDelegate.swift in Sources */,
				DB1ED23F21DE14A900AEB658 /* MenuContents.swift in Sources */,
				DB1ED23D21DE14A900AEB658 /* MenuItemView.swift in Sources */,
			);
			runOnlyForDeploymentPostprocessing = 0;
		};
/* End PBXSourcesBuildPhase section */

/* Begin PBXVariantGroup section */
		DB1ED22721DE148A00AEB658 /* Main.storyboard */ = {
			isa = PBXVariantGroup;
			children = (
				DB1ED22821DE148A00AEB658 /* Base */,
			);
			name = Main.storyboard;
			sourceTree = "<group>";
		};
		DB1ED22C21DE148C00AEB658 /* LaunchScreen.storyboard */ = {
			isa = PBXVariantGroup;
			children = (
				DB1ED22D21DE148C00AEB658 /* Base */,
			);
			name = LaunchScreen.storyboard;
			sourceTree = "<group>";
		};
/* End PBXVariantGroup section */

/* Begin XCBuildConfiguration section */
		DB1ED23021DE148C00AEB658 /* Debug */ = {
			isa = XCBuildConfiguration;
			buildSettings = {
				ALWAYS_SEARCH_USER_PATHS = NO;
				CLANG_ANALYZER_NONNULL = YES;
				CLANG_ANALYZER_NUMBER_OBJECT_CONVERSION = YES_AGGRESSIVE;
				CLANG_CXX_LANGUAGE_STANDARD = "gnu++14";
				CLANG_CXX_LIBRARY = "libc++";
				CLANG_ENABLE_MODULES = YES;
				CLANG_ENABLE_OBJC_ARC = YES;
				CLANG_ENABLE_OBJC_WEAK = YES;
				CLANG_WARN_BLOCK_CAPTURE_AUTORELEASING = YES;
				CLANG_WARN_BOOL_CONVERSION = YES;
				CLANG_WARN_COMMA = YES;
				CLANG_WARN_CONSTANT_CONVERSION = YES;
				CLANG_WARN_DEPRECATED_OBJC_IMPLEMENTATIONS = YES;
				CLANG_WARN_DIRECT_OBJC_ISA_USAGE = YES_ERROR;
				CLANG_WARN_DOCUMENTATION_COMMENTS = YES;
				CLANG_WARN_EMPTY_BODY = YES;
				CLANG_WARN_ENUM_CONVERSION = YES;
				CLANG_WARN_INFINITE_RECURSION = YES;
				CLANG_WARN_INT_CONVERSION = YES;
				CLANG_WARN_NON_LITERAL_NULL_CONVERSION = YES;
				CLANG_WARN_OBJC_IMPLICIT_RETAIN_SELF = YES;
				CLANG_WARN_OBJC_LITERAL_CONVERSION = YES;
				CLANG_WARN_OBJC_ROOT_CLASS = YES_ERROR;
				CLANG_WARN_RANGE_LOOP_ANALYSIS = YES;
				CLANG_WARN_STRICT_PROTOTYPES = YES;
				CLANG_WARN_SUSPICIOUS_MOVE = YES;
				CLANG_WARN_UNGUARDED_AVAILABILITY = YES_AGGRESSIVE;
				CLANG_WARN_UNREACHABLE_CODE = YES;
				CLANG_WARN__DUPLICATE_METHOD_MATCH = YES;
				CODE_SIGN_IDENTITY = "iPhone Developer";
				COPY_PHASE_STRIP = NO;
				DEBUG_INFORMATION_FORMAT = dwarf;
				ENABLE_STRICT_OBJC_MSGSEND = YES;
				ENABLE_TESTABILITY = YES;
				GCC_C_LANGUAGE_STANDARD = gnu11;
				GCC_DYNAMIC_NO_PIC = NO;
				GCC_NO_COMMON_BLOCKS = YES;
				GCC_OPTIMIZATION_LEVEL = 0;
				GCC_PREPROCESSOR_DEFINITIONS = (
					"DEBUG=1",
					"$(inherited)",
				);
				GCC_WARN_64_TO_32_BIT_CONVERSION = YES;
				GCC_WARN_ABOUT_RETURN_TYPE = YES_ERROR;
				GCC_WARN_UNDECLARED_SELECTOR = YES;
				GCC_WARN_UNINITIALIZED_AUTOS = YES_AGGRESSIVE;
				GCC_WARN_UNUSED_FUNCTION = YES;
				GCC_WARN_UNUSED_VARIABLE = YES;
				IPHONEOS_DEPLOYMENT_TARGET = 12.1;
				MTL_ENABLE_DEBUG_INFO = INCLUDE_SOURCE;
				MTL_FAST_MATH = YES;
				ONLY_ACTIVE_ARCH = YES;
				SDKROOT = iphoneos;
				SWIFT_ACTIVE_COMPILATION_CONDITIONS = DEBUG;
				SWIFT_OPTIMIZATION_LEVEL = "-Onone";
			};
			name = Debug;
		};
		DB1ED23121DE148C00AEB658 /* Release */ = {
			isa = XCBuildConfiguration;
			buildSettings = {
				ALWAYS_SEARCH_USER_PATHS = NO;
				CLANG_ANALYZER_NONNULL = YES;
				CLANG_ANALYZER_NUMBER_OBJECT_CONVERSION = YES_AGGRESSIVE;
				CLANG_CXX_LANGUAGE_STANDARD = "gnu++14";
				CLANG_CXX_LIBRARY = "libc++";
				CLANG_ENABLE_MODULES = YES;
				CLANG_ENABLE_OBJC_ARC = YES;
				CLANG_ENABLE_OBJC_WEAK = YES;
				CLANG_WARN_BLOCK_CAPTURE_AUTORELEASING = YES;
				CLANG_WARN_BOOL_CONVERSION = YES;
				CLANG_WARN_COMMA = YES;
				CLANG_WARN_CONSTANT_CONVERSION = YES;
				CLANG_WARN_DEPRECATED_OBJC_IMPLEMENTATIONS = YES;
				CLANG_WARN_DIRECT_OBJC_ISA_USAGE = YES_ERROR;
				CLANG_WARN_DOCUMENTATION_COMMENTS = YES;
				CLANG_WARN_EMPTY_BODY = YES;
				CLANG_WARN_ENUM_CONVERSION = YES;
				CLANG_WARN_INFINITE_RECURSION = YES;
				CLANG_WARN_INT_CONVERSION = YES;
				CLANG_WARN_NON_LITERAL_NULL_CONVERSION = YES;
				CLANG_WARN_OBJC_IMPLICIT_RETAIN_SELF = YES;
				CLANG_WARN_OBJC_LITERAL_CONVERSION = YES;
				CLANG_WARN_OBJC_ROOT_CLASS = YES_ERROR;
				CLANG_WARN_RANGE_LOOP_ANALYSIS = YES;
				CLANG_WARN_STRICT_PROTOTYPES = YES;
				CLANG_WARN_SUSPICIOUS_MOVE = YES;
				CLANG_WARN_UNGUARDED_AVAILABILITY = YES_AGGRESSIVE;
				CLANG_WARN_UNREACHABLE_CODE = YES;
				CLANG_WARN__DUPLICATE_METHOD_MATCH = YES;
				CODE_SIGN_IDENTITY = "iPhone Developer";
				COPY_PHASE_STRIP = NO;
				DEBUG_INFORMATION_FORMAT = "dwarf-with-dsym";
				ENABLE_NS_ASSERTIONS = NO;
				ENABLE_STRICT_OBJC_MSGSEND = YES;
				GCC_C_LANGUAGE_STANDARD = gnu11;
				GCC_NO_COMMON_BLOCKS = YES;
				GCC_WARN_64_TO_32_BIT_CONVERSION = YES;
				GCC_WARN_ABOUT_RETURN_TYPE = YES_ERROR;
				GCC_WARN_UNDECLARED_SELECTOR = YES;
				GCC_WARN_UNINITIALIZED_AUTOS = YES_AGGRESSIVE;
				GCC_WARN_UNUSED_FUNCTION = YES;
				GCC_WARN_UNUSED_VARIABLE = YES;
				IPHONEOS_DEPLOYMENT_TARGET = 12.1;
				MTL_ENABLE_DEBUG_INFO = NO;
				MTL_FAST_MATH = YES;
				SDKROOT = iphoneos;
				SWIFT_COMPILATION_MODE = wholemodule;
				SWIFT_OPTIMIZATION_LEVEL = "-O";
				VALIDATE_PRODUCT = YES;
			};
			name = Release;
		};
		DB1ED23321DE148C00AEB658 /* Debug */ = {
			isa = XCBuildConfiguration;
			baseConfigurationReference = 9A077B6042A00FA4D7B76BF7 /* Pods-MenuTest.debug.xcconfig */;
			buildSettings = {
				ASSETCATALOG_COMPILER_APPICON_NAME = AppIcon;
				CODE_SIGN_STYLE = Automatic;
				DEVELOPMENT_TEAM = G5S3RZ43N7;
				INFOPLIST_FILE = MenuTest/Info.plist;
				LD_RUNPATH_SEARCH_PATHS = (
					"$(inherited)",
					"@executable_path/Frameworks",
				);
				PRODUCT_BUNDLE_IDENTIFIER = com.twolivesleft.MenuTest;
				PRODUCT_NAME = "$(TARGET_NAME)";
				SWIFT_VERSION = 4.2;
				TARGETED_DEVICE_FAMILY = "1,2";
			};
			name = Debug;
		};
		DB1ED23421DE148C00AEB658 /* Release */ = {
			isa = XCBuildConfiguration;
			baseConfigurationReference = BFDAE20353D78774FED05BD7 /* Pods-MenuTest.release.xcconfig */;
			buildSettings = {
				ASSETCATALOG_COMPILER_APPICON_NAME = AppIcon;
				CODE_SIGN_STYLE = Automatic;
				DEVELOPMENT_TEAM = G5S3RZ43N7;
				INFOPLIST_FILE = MenuTest/Info.plist;
				LD_RUNPATH_SEARCH_PATHS = (
					"$(inherited)",
					"@executable_path/Frameworks",
				);
				PRODUCT_BUNDLE_IDENTIFIER = com.twolivesleft.MenuTest;
				PRODUCT_NAME = "$(TARGET_NAME)";
				SWIFT_VERSION = 4.2;
				TARGETED_DEVICE_FAMILY = "1,2";
			};
			name = Release;
		};
/* End XCBuildConfiguration section */

/* Begin XCConfigurationList section */
		DB1ED21B21DE148A00AEB658 /* Build configuration list for PBXProject "MenuTest" */ = {
			isa = XCConfigurationList;
			buildConfigurations = (
				DB1ED23021DE148C00AEB658 /* Debug */,
				DB1ED23121DE148C00AEB658 /* Release */,
			);
			defaultConfigurationIsVisible = 0;
			defaultConfigurationName = Release;
		};
		DB1ED23221DE148C00AEB658 /* Build configuration list for PBXNativeTarget "MenuTest" */ = {
			isa = XCConfigurationList;
			buildConfigurations = (
				DB1ED23321DE148C00AEB658 /* Debug */,
				DB1ED23421DE148C00AEB658 /* Release */,
			);
			defaultConfigurationIsVisible = 0;
			defaultConfigurationName = Release;
		};
/* End XCConfigurationList section */
	};
	rootObject = DB1ED21821DE148A00AEB658 /* Project object */;
}
